
Microsoft Visual Studio Solution File, Format Version 12.00
# Visual Studio Version 16
VisualStudioVersion = 16.0.32126.315
MinimumVisualStudioVersion = 10.0.40219.1
Project("{FAE04EC0-301F-11D3-BF4B-00C04F79EFBC}") = "PatikaDevDonguler2", "PatikaDevDonguler2\PatikaDevDonguler2.csproj", "{3C32C285-4949-499E-A6FF-D810D2464C2C}"
EndProject
Global
	GlobalSection(SolutionConfigurationPlatforms) = preSolution
		Debug|Any CPU = Debug|Any CPU
		Release|Any CPU = Release|Any CPU
	EndGlobalSection
	GlobalSection(ProjectConfigurationPlatforms) = postSolution
		{3C32C285-4949-499E-A6FF-D810D2464C2C}.Debug|Any CPU.ActiveCfg = Debug|Any CPU
		{3C32C285-4949-499E-A6FF-D810D2464C2C}.Debug|Any CPU.Build.0 = Debug|Any CPU
		{3C32C285-4949-499E-A6FF-D810D2464C2C}.Release|Any CPU.ActiveCfg = Release|Any CPU
		{3C32C285-4949-499E-A6FF-D810D2464C2C}.Release|Any CPU.Build.0 = Release|Any CPU
	EndGlobalSection
	GlobalSection(SolutionProperties) = preSolution
		HideSolutionNode = FALSE
	EndGlobalSection
	GlobalSection(ExtensibilityGlobals) = postSolution
		SolutionGuid = {145147BF-CFCC-4E45-B650-52053A1C550E}
	EndGlobalSection
EndGlobal
